
Microsoft Visual Studio Solution File, Format Version 12.00
# Visual Studio 2010
Project("{FAE04EC0-301F-11D3-BF4B-00C04F79EFBC}") = "Momntz.UI", "Momntz.UI\Momntz.UI.csproj", "{DE748AA6-C132-4E28-B239-BEBA571AD0FE}"
EndProject
Project("{FAE04EC0-301F-11D3-BF4B-00C04F79EFBC}") = "Momntz", "Momntz\Momntz.csproj", "{77CC17DF-C471-42BF-B5F6-D55EAF918891}"
EndProject
Project("{FAE04EC0-301F-11D3-BF4B-00C04F79EFBC}") = "Momntz.UI.Tests", "Momntz.UI.Tests\Momntz.UI.Tests.csproj", "{E755088F-F4FC-455B-934A-952CF6CC5C6D}"
EndProject
Project("{FAE04EC0-301F-11D3-BF4B-00C04F79EFBC}") = "Momntz.Tests", "Momntz.Tests\Momntz.Tests.csproj", "{45B7604F-7895-44BB-84E0-1BA1624D980D}"
EndProject
Project("{00D1A9C2-B5F0-4AF3-8072-F6C62B433612}") = "Momntz.Database", "Momntz.Database\Momntz.Database.sqlproj", "{9C3A140F-1634-4FFB-A1AA-7FB1C4702BEE}"
EndProject
Global
	GlobalSection(SolutionConfigurationPlatforms) = preSolution
		Debug|Any CPU = Debug|Any CPU
		Debug|ARM = Debug|ARM
		Debug|x64 = Debug|x64
		Debug|x86 = Debug|x86
		Release|Any CPU = Release|Any CPU
		Release|ARM = Release|ARM
		Release|x64 = Release|x64
		Release|x86 = Release|x86
	EndGlobalSection
	GlobalSection(ProjectConfigurationPlatforms) = postSolution
		{DE748AA6-C132-4E28-B239-BEBA571AD0FE}.Debug|Any CPU.ActiveCfg = Debug|Any CPU
		{DE748AA6-C132-4E28-B239-BEBA571AD0FE}.Debug|Any CPU.Build.0 = Debug|Any CPU
		{DE748AA6-C132-4E28-B239-BEBA571AD0FE}.Debug|ARM.ActiveCfg = Debug|Any CPU
		{DE748AA6-C132-4E28-B239-BEBA571AD0FE}.Debug|x64.ActiveCfg = Debug|Any CPU
		{DE748AA6-C132-4E28-B239-BEBA571AD0FE}.Debug|x86.ActiveCfg = Debug|Any CPU
		{DE748AA6-C132-4E28-B239-BEBA571AD0FE}.Release|Any CPU.ActiveCfg = Release|Any CPU
		{DE748AA6-C132-4E28-B239-BEBA571AD0FE}.Release|Any CPU.Build.0 = Release|Any CPU
		{DE748AA6-C132-4E28-B239-BEBA571AD0FE}.Release|ARM.ActiveCfg = Release|Any CPU
		{DE748AA6-C132-4E28-B239-BEBA571AD0FE}.Release|x64.ActiveCfg = Release|Any CPU
		{DE748AA6-C132-4E28-B239-BEBA571AD0FE}.Release|x86.ActiveCfg = Release|Any CPU
		{77CC17DF-C471-42BF-B5F6-D55EAF918891}.Debug|Any CPU.ActiveCfg = Debug|Any CPU
		{77CC17DF-C471-42BF-B5F6-D55EAF918891}.Debug|Any CPU.Build.0 = Debug|Any CPU
		{77CC17DF-C471-42BF-B5F6-D55EAF918891}.Debug|ARM.ActiveCfg = Debug|Any CPU
		{77CC17DF-C471-42BF-B5F6-D55EAF918891}.Debug|x64.ActiveCfg = Debug|Any CPU
		{77CC17DF-C471-42BF-B5F6-D55EAF918891}.Debug|x86.ActiveCfg = Debug|Any CPU
		{77CC17DF-C471-42BF-B5F6-D55EAF918891}.Release|Any CPU.ActiveCfg = Release|Any CPU
		{77CC17DF-C471-42BF-B5F6-D55EAF918891}.Release|Any CPU.Build.0 = Release|Any CPU
		{77CC17DF-C471-42BF-B5F6-D55EAF918891}.Release|ARM.ActiveCfg = Release|Any CPU
		{77CC17DF-C471-42BF-B5F6-D55EAF918891}.Release|x64.ActiveCfg = Release|Any CPU
		{77CC17DF-C471-42BF-B5F6-D55EAF918891}.Release|x86.ActiveCfg = Release|Any CPU
		{E755088F-F4FC-455B-934A-952CF6CC5C6D}.Debug|Any CPU.ActiveCfg = Debug|Any CPU
		{E755088F-F4FC-455B-934A-952CF6CC5C6D}.Debug|Any CPU.Build.0 = Debug|Any CPU
		{E755088F-F4FC-455B-934A-952CF6CC5C6D}.Debug|ARM.ActiveCfg = Debug|Any CPU
		{E755088F-F4FC-455B-934A-952CF6CC5C6D}.Debug|x64.ActiveCfg = Debug|Any CPU
		{E755088F-F4FC-455B-934A-952CF6CC5C6D}.Debug|x86.ActiveCfg = Debug|Any CPU
		{E755088F-F4FC-455B-934A-952CF6CC5C6D}.Release|Any CPU.ActiveCfg = Release|Any CPU
		{E755088F-F4FC-455B-934A-952CF6CC5C6D}.Release|Any CPU.Build.0 = Release|Any CPU
		{E755088F-F4FC-455B-934A-952CF6CC5C6D}.Release|ARM.ActiveCfg = Release|Any CPU
		{E755088F-F4FC-455B-934A-952CF6CC5C6D}.Release|x64.ActiveCfg = Release|Any CPU
		{E755088F-F4FC-455B-934A-952CF6CC5C6D}.Release|x86.ActiveCfg = Release|Any CPU
		{45B7604F-7895-44BB-84E0-1BA1624D980D}.Debug|Any CPU.ActiveCfg = Debug|Any CPU
		{45B7604F-7895-44BB-84E0-1BA1624D980D}.Debug|Any CPU.Build.0 = Debug|Any CPU
		{45B7604F-7895-44BB-84E0-1BA1624D980D}.Debug|ARM.ActiveCfg = Debug|Any CPU
		{45B7604F-7895-44BB-84E0-1BA1624D980D}.Debug|x64.ActiveCfg = Debug|Any CPU
		{45B7604F-7895-44BB-84E0-1BA1624D980D}.Debug|x86.ActiveCfg = Debug|Any CPU
		{45B7604F-7895-44BB-84E0-1BA1624D980D}.Release|Any CPU.ActiveCfg = Release|Any CPU
		{45B7604F-7895-44BB-84E0-1BA1624D980D}.Release|Any CPU.Build.0 = Release|Any CPU
		{45B7604F-7895-44BB-84E0-1BA1624D980D}.Release|ARM.ActiveCfg = Release|Any CPU
		{45B7604F-7895-44BB-84E0-1BA1624D980D}.Release|x64.ActiveCfg = Release|Any CPU
		{45B7604F-7895-44BB-84E0-1BA1624D980D}.Release|x86.ActiveCfg = Release|Any CPU
		{9C3A140F-1634-4FFB-A1AA-7FB1C4702BEE}.Debug|Any CPU.ActiveCfg = Debug|Any CPU
		{9C3A140F-1634-4FFB-A1AA-7FB1C4702BEE}.Debug|Any CPU.Build.0 = Debug|Any CPU
		{9C3A140F-1634-4FFB-A1AA-7FB1C4702BEE}.Debug|Any CPU.Deploy.0 = Debug|Any CPU
		{9C3A140F-1634-4FFB-A1AA-7FB1C4702BEE}.Debug|ARM.ActiveCfg = Debug|Any CPU
		{9C3A140F-1634-4FFB-A1AA-7FB1C4702BEE}.Debug|x64.ActiveCfg = Debug|Any CPU
		{9C3A140F-1634-4FFB-A1AA-7FB1C4702BEE}.Debug|x86.ActiveCfg = Debug|Any CPU
		{9C3A140F-1634-4FFB-A1AA-7FB1C4702BEE}.Release|Any CPU.ActiveCfg = Release|Any CPU
		{9C3A140F-1634-4FFB-A1AA-7FB1C4702BEE}.Release|Any CPU.Build.0 = Release|Any CPU
		{9C3A140F-1634-4FFB-A1AA-7FB1C4702BEE}.Release|Any CPU.Deploy.0 = Release|Any CPU
		{9C3A140F-1634-4FFB-A1AA-7FB1C4702BEE}.Release|ARM.ActiveCfg = Release|Any CPU
		{9C3A140F-1634-4FFB-A1AA-7FB1C4702BEE}.Release|x64.ActiveCfg = Release|Any CPU
		{9C3A140F-1634-4FFB-A1AA-7FB1C4702BEE}.Release|x86.ActiveCfg = Release|Any CPU
	EndGlobalSection
	GlobalSection(SolutionProperties) = preSolution
		HideSolutionNode = FALSE
	EndGlobalSection
EndGlobal
