
Microsoft Visual Studio Solution File, Format Version 12.00
# Visual Studio 2012
Project("{FAE04EC0-301F-11D3-BF4B-00C04F79EFBC}") = "Momntz.UI", "Momntz.UI\Momntz.UI.csproj", "{DE748AA6-C132-4E28-B239-BEBA571AD0FE}"
EndProject
Project("{FAE04EC0-301F-11D3-BF4B-00C04F79EFBC}") = "Momntz", "Momntz\Momntz.csproj", "{77CC17DF-C471-42BF-B5F6-D55EAF918891}"
EndProject
Project("{FAE04EC0-301F-11D3-BF4B-00C04F79EFBC}") = "Momntz.UI.Tests", "Momntz.UI.Tests\Momntz.UI.Tests.csproj", "{E755088F-F4FC-455B-934A-952CF6CC5C6D}"
EndProject
Project("{FAE04EC0-301F-11D3-BF4B-00C04F79EFBC}") = "Momntz.Tests", "Momntz.Tests\Momntz.Tests.csproj", "{45B7604F-7895-44BB-84E0-1BA1624D980D}"
EndProject
Project("{00D1A9C2-B5F0-4AF3-8072-F6C62B433612}") = "Momntz.Database", "Momntz.Database\Momntz.Database.sqlproj", "{9C3A140F-1634-4FFB-A1AA-7FB1C4702BEE}"
EndProject
Project("{00D1A9C2-B5F0-4AF3-8072-F6C62B433612}") = "Momntz.Queue", "Momntz.Queue\Momntz.Queue.sqlproj", "{488B5F7D-FD74-4418-BCEF-26DED149A017}"
EndProject
Global
	GlobalSection(SolutionConfigurationPlatforms) = preSolution
		Debug|Any CPU = Debug|Any CPU
		Debug|ARM = Debug|ARM
		Debug|x64 = Debug|x64
		Debug|x86 = Debug|x86
		DEV|Any CPU = DEV|Any CPU
		DEV|ARM = DEV|ARM
		DEV|x64 = DEV|x64
		DEV|x86 = DEV|x86
		PREVIEW|Any CPU = PREVIEW|Any CPU
		PREVIEW|ARM = PREVIEW|ARM
		PREVIEW|x64 = PREVIEW|x64
		PREVIEW|x86 = PREVIEW|x86
		PROD|Any CPU = PROD|Any CPU
		PROD|ARM = PROD|ARM
		PROD|x64 = PROD|x64
		PROD|x86 = PROD|x86
		QA|Any CPU = QA|Any CPU
		QA|ARM = QA|ARM
		QA|x64 = QA|x64
		QA|x86 = QA|x86
		Release|Any CPU = Release|Any CPU
		Release|ARM = Release|ARM
		Release|x64 = Release|x64
		Release|x86 = Release|x86
	EndGlobalSection
	GlobalSection(ProjectConfigurationPlatforms) = postSolution
		{DE748AA6-C132-4E28-B239-BEBA571AD0FE}.Debug|Any CPU.ActiveCfg = Debug|Any CPU
		{DE748AA6-C132-4E28-B239-BEBA571AD0FE}.Debug|Any CPU.Build.0 = Debug|Any CPU
		{DE748AA6-C132-4E28-B239-BEBA571AD0FE}.Debug|ARM.ActiveCfg = Debug|Any CPU
		{DE748AA6-C132-4E28-B239-BEBA571AD0FE}.Debug|x64.ActiveCfg = Debug|Any CPU
		{DE748AA6-C132-4E28-B239-BEBA571AD0FE}.Debug|x86.ActiveCfg = Debug|Any CPU
		{DE748AA6-C132-4E28-B239-BEBA571AD0FE}.Debug|x86.Build.0 = Debug|Any CPU
		{DE748AA6-C132-4E28-B239-BEBA571AD0FE}.DEV|Any CPU.ActiveCfg = DEV|Any CPU
		{DE748AA6-C132-4E28-B239-BEBA571AD0FE}.DEV|Any CPU.Build.0 = DEV|Any CPU
		{DE748AA6-C132-4E28-B239-BEBA571AD0FE}.DEV|ARM.ActiveCfg = DEV|Any CPU
		{DE748AA6-C132-4E28-B239-BEBA571AD0FE}.DEV|x64.ActiveCfg = DEV|Any CPU
		{DE748AA6-C132-4E28-B239-BEBA571AD0FE}.DEV|x86.ActiveCfg = DEV|Any CPU
		{DE748AA6-C132-4E28-B239-BEBA571AD0FE}.PREVIEW|Any CPU.ActiveCfg = PREVIEW|Any CPU
		{DE748AA6-C132-4E28-B239-BEBA571AD0FE}.PREVIEW|Any CPU.Build.0 = PREVIEW|Any CPU
		{DE748AA6-C132-4E28-B239-BEBA571AD0FE}.PREVIEW|ARM.ActiveCfg = PREVIEW|Any CPU
		{DE748AA6-C132-4E28-B239-BEBA571AD0FE}.PREVIEW|x64.ActiveCfg = PREVIEW|Any CPU
		{DE748AA6-C132-4E28-B239-BEBA571AD0FE}.PREVIEW|x86.ActiveCfg = PREVIEW|Any CPU
		{DE748AA6-C132-4E28-B239-BEBA571AD0FE}.PROD|Any CPU.ActiveCfg = PROD|Any CPU
		{DE748AA6-C132-4E28-B239-BEBA571AD0FE}.PROD|Any CPU.Build.0 = PROD|Any CPU
		{DE748AA6-C132-4E28-B239-BEBA571AD0FE}.PROD|ARM.ActiveCfg = PROD|Any CPU
		{DE748AA6-C132-4E28-B239-BEBA571AD0FE}.PROD|x64.ActiveCfg = PROD|Any CPU
		{DE748AA6-C132-4E28-B239-BEBA571AD0FE}.PROD|x86.ActiveCfg = PROD|Any CPU
		{DE748AA6-C132-4E28-B239-BEBA571AD0FE}.QA|Any CPU.ActiveCfg = QA|Any CPU
		{DE748AA6-C132-4E28-B239-BEBA571AD0FE}.QA|Any CPU.Build.0 = QA|Any CPU
		{DE748AA6-C132-4E28-B239-BEBA571AD0FE}.QA|ARM.ActiveCfg = QA|Any CPU
		{DE748AA6-C132-4E28-B239-BEBA571AD0FE}.QA|x64.ActiveCfg = QA|Any CPU
		{DE748AA6-C132-4E28-B239-BEBA571AD0FE}.QA|x86.ActiveCfg = QA|Any CPU
		{DE748AA6-C132-4E28-B239-BEBA571AD0FE}.Release|Any CPU.ActiveCfg = Release|Any CPU
		{DE748AA6-C132-4E28-B239-BEBA571AD0FE}.Release|Any CPU.Build.0 = Release|Any CPU
		{DE748AA6-C132-4E28-B239-BEBA571AD0FE}.Release|ARM.ActiveCfg = Release|Any CPU
		{DE748AA6-C132-4E28-B239-BEBA571AD0FE}.Release|x64.ActiveCfg = Release|Any CPU
		{DE748AA6-C132-4E28-B239-BEBA571AD0FE}.Release|x86.ActiveCfg = Release|Any CPU
		{77CC17DF-C471-42BF-B5F6-D55EAF918891}.Debug|Any CPU.ActiveCfg = Debug|Any CPU
		{77CC17DF-C471-42BF-B5F6-D55EAF918891}.Debug|Any CPU.Build.0 = Debug|Any CPU
		{77CC17DF-C471-42BF-B5F6-D55EAF918891}.Debug|ARM.ActiveCfg = Debug|Any CPU
		{77CC17DF-C471-42BF-B5F6-D55EAF918891}.Debug|x64.ActiveCfg = Debug|Any CPU
		{77CC17DF-C471-42BF-B5F6-D55EAF918891}.Debug|x86.ActiveCfg = Debug|Any CPU
		{77CC17DF-C471-42BF-B5F6-D55EAF918891}.Debug|x86.Build.0 = Debug|Any CPU
		{77CC17DF-C471-42BF-B5F6-D55EAF918891}.DEV|Any CPU.ActiveCfg = DEV|Any CPU
		{77CC17DF-C471-42BF-B5F6-D55EAF918891}.DEV|Any CPU.Build.0 = DEV|Any CPU
		{77CC17DF-C471-42BF-B5F6-D55EAF918891}.DEV|ARM.ActiveCfg = DEV|Any CPU
		{77CC17DF-C471-42BF-B5F6-D55EAF918891}.DEV|x64.ActiveCfg = DEV|Any CPU
		{77CC17DF-C471-42BF-B5F6-D55EAF918891}.DEV|x86.ActiveCfg = DEV|Any CPU
		{77CC17DF-C471-42BF-B5F6-D55EAF918891}.PREVIEW|Any CPU.ActiveCfg = PREVIEW|Any CPU
		{77CC17DF-C471-42BF-B5F6-D55EAF918891}.PREVIEW|Any CPU.Build.0 = PREVIEW|Any CPU
		{77CC17DF-C471-42BF-B5F6-D55EAF918891}.PREVIEW|ARM.ActiveCfg = PREVIEW|Any CPU
		{77CC17DF-C471-42BF-B5F6-D55EAF918891}.PREVIEW|x64.ActiveCfg = PREVIEW|Any CPU
		{77CC17DF-C471-42BF-B5F6-D55EAF918891}.PREVIEW|x86.ActiveCfg = PREVIEW|Any CPU
		{77CC17DF-C471-42BF-B5F6-D55EAF918891}.PROD|Any CPU.ActiveCfg = PROD|Any CPU
		{77CC17DF-C471-42BF-B5F6-D55EAF918891}.PROD|Any CPU.Build.0 = PROD|Any CPU
		{77CC17DF-C471-42BF-B5F6-D55EAF918891}.PROD|ARM.ActiveCfg = PROD|Any CPU
		{77CC17DF-C471-42BF-B5F6-D55EAF918891}.PROD|x64.ActiveCfg = PROD|Any CPU
		{77CC17DF-C471-42BF-B5F6-D55EAF918891}.PROD|x86.ActiveCfg = PROD|Any CPU
		{77CC17DF-C471-42BF-B5F6-D55EAF918891}.QA|Any CPU.ActiveCfg = QA|Any CPU
		{77CC17DF-C471-42BF-B5F6-D55EAF918891}.QA|Any CPU.Build.0 = QA|Any CPU
		{77CC17DF-C471-42BF-B5F6-D55EAF918891}.QA|ARM.ActiveCfg = QA|Any CPU
		{77CC17DF-C471-42BF-B5F6-D55EAF918891}.QA|x64.ActiveCfg = QA|Any CPU
		{77CC17DF-C471-42BF-B5F6-D55EAF918891}.QA|x86.ActiveCfg = QA|Any CPU
		{77CC17DF-C471-42BF-B5F6-D55EAF918891}.Release|Any CPU.ActiveCfg = Release|Any CPU
		{77CC17DF-C471-42BF-B5F6-D55EAF918891}.Release|Any CPU.Build.0 = Release|Any CPU
		{77CC17DF-C471-42BF-B5F6-D55EAF918891}.Release|ARM.ActiveCfg = Release|Any CPU
		{77CC17DF-C471-42BF-B5F6-D55EAF918891}.Release|x64.ActiveCfg = Release|Any CPU
		{77CC17DF-C471-42BF-B5F6-D55EAF918891}.Release|x86.ActiveCfg = Release|Any CPU
		{E755088F-F4FC-455B-934A-952CF6CC5C6D}.Debug|Any CPU.ActiveCfg = Debug|Any CPU
		{E755088F-F4FC-455B-934A-952CF6CC5C6D}.Debug|Any CPU.Build.0 = Debug|Any CPU
		{E755088F-F4FC-455B-934A-952CF6CC5C6D}.Debug|ARM.ActiveCfg = Debug|Any CPU
		{E755088F-F4FC-455B-934A-952CF6CC5C6D}.Debug|x64.ActiveCfg = Debug|Any CPU
		{E755088F-F4FC-455B-934A-952CF6CC5C6D}.Debug|x86.ActiveCfg = Debug|Any CPU
		{E755088F-F4FC-455B-934A-952CF6CC5C6D}.Debug|x86.Build.0 = Debug|Any CPU
		{E755088F-F4FC-455B-934A-952CF6CC5C6D}.DEV|Any CPU.ActiveCfg = DEV|Any CPU
		{E755088F-F4FC-455B-934A-952CF6CC5C6D}.DEV|Any CPU.Build.0 = DEV|Any CPU
		{E755088F-F4FC-455B-934A-952CF6CC5C6D}.DEV|ARM.ActiveCfg = DEV|Any CPU
		{E755088F-F4FC-455B-934A-952CF6CC5C6D}.DEV|x64.ActiveCfg = DEV|Any CPU
		{E755088F-F4FC-455B-934A-952CF6CC5C6D}.DEV|x86.ActiveCfg = DEV|Any CPU
		{E755088F-F4FC-455B-934A-952CF6CC5C6D}.PREVIEW|Any CPU.ActiveCfg = PREVIEW|Any CPU
		{E755088F-F4FC-455B-934A-952CF6CC5C6D}.PREVIEW|Any CPU.Build.0 = PREVIEW|Any CPU
		{E755088F-F4FC-455B-934A-952CF6CC5C6D}.PREVIEW|ARM.ActiveCfg = PREVIEW|Any CPU
		{E755088F-F4FC-455B-934A-952CF6CC5C6D}.PREVIEW|x64.ActiveCfg = PREVIEW|Any CPU
		{E755088F-F4FC-455B-934A-952CF6CC5C6D}.PREVIEW|x86.ActiveCfg = PREVIEW|Any CPU
		{E755088F-F4FC-455B-934A-952CF6CC5C6D}.PROD|Any CPU.ActiveCfg = PROD|Any CPU
		{E755088F-F4FC-455B-934A-952CF6CC5C6D}.PROD|Any CPU.Build.0 = PROD|Any CPU
		{E755088F-F4FC-455B-934A-952CF6CC5C6D}.PROD|ARM.ActiveCfg = PROD|Any CPU
		{E755088F-F4FC-455B-934A-952CF6CC5C6D}.PROD|x64.ActiveCfg = PROD|Any CPU
		{E755088F-F4FC-455B-934A-952CF6CC5C6D}.PROD|x86.ActiveCfg = PROD|Any CPU
		{E755088F-F4FC-455B-934A-952CF6CC5C6D}.QA|Any CPU.ActiveCfg = QA|Any CPU
		{E755088F-F4FC-455B-934A-952CF6CC5C6D}.QA|Any CPU.Build.0 = QA|Any CPU
		{E755088F-F4FC-455B-934A-952CF6CC5C6D}.QA|ARM.ActiveCfg = QA|Any CPU
		{E755088F-F4FC-455B-934A-952CF6CC5C6D}.QA|x64.ActiveCfg = QA|Any CPU
		{E755088F-F4FC-455B-934A-952CF6CC5C6D}.QA|x86.ActiveCfg = QA|Any CPU
		{E755088F-F4FC-455B-934A-952CF6CC5C6D}.Release|Any CPU.ActiveCfg = Release|Any CPU
		{E755088F-F4FC-455B-934A-952CF6CC5C6D}.Release|Any CPU.Build.0 = Release|Any CPU
		{E755088F-F4FC-455B-934A-952CF6CC5C6D}.Release|ARM.ActiveCfg = Release|Any CPU
		{E755088F-F4FC-455B-934A-952CF6CC5C6D}.Release|x64.ActiveCfg = Release|Any CPU
		{E755088F-F4FC-455B-934A-952CF6CC5C6D}.Release|x86.ActiveCfg = Release|Any CPU
		{45B7604F-7895-44BB-84E0-1BA1624D980D}.Debug|Any CPU.ActiveCfg = Debug|Any CPU
		{45B7604F-7895-44BB-84E0-1BA1624D980D}.Debug|Any CPU.Build.0 = Debug|Any CPU
		{45B7604F-7895-44BB-84E0-1BA1624D980D}.Debug|ARM.ActiveCfg = Debug|Any CPU
		{45B7604F-7895-44BB-84E0-1BA1624D980D}.Debug|x64.ActiveCfg = Debug|Any CPU
		{45B7604F-7895-44BB-84E0-1BA1624D980D}.Debug|x86.ActiveCfg = Debug|Any CPU
		{45B7604F-7895-44BB-84E0-1BA1624D980D}.Debug|x86.Build.0 = Debug|Any CPU
		{45B7604F-7895-44BB-84E0-1BA1624D980D}.DEV|Any CPU.ActiveCfg = DEV|Any CPU
		{45B7604F-7895-44BB-84E0-1BA1624D980D}.DEV|Any CPU.Build.0 = DEV|Any CPU
		{45B7604F-7895-44BB-84E0-1BA1624D980D}.DEV|ARM.ActiveCfg = DEV|Any CPU
		{45B7604F-7895-44BB-84E0-1BA1624D980D}.DEV|x64.ActiveCfg = DEV|Any CPU
		{45B7604F-7895-44BB-84E0-1BA1624D980D}.DEV|x86.ActiveCfg = DEV|Any CPU
		{45B7604F-7895-44BB-84E0-1BA1624D980D}.PREVIEW|Any CPU.ActiveCfg = PREVIEW|Any CPU
		{45B7604F-7895-44BB-84E0-1BA1624D980D}.PREVIEW|Any CPU.Build.0 = PREVIEW|Any CPU
		{45B7604F-7895-44BB-84E0-1BA1624D980D}.PREVIEW|ARM.ActiveCfg = PREVIEW|Any CPU
		{45B7604F-7895-44BB-84E0-1BA1624D980D}.PREVIEW|x64.ActiveCfg = PREVIEW|Any CPU
		{45B7604F-7895-44BB-84E0-1BA1624D980D}.PREVIEW|x86.ActiveCfg = PREVIEW|Any CPU
		{45B7604F-7895-44BB-84E0-1BA1624D980D}.PROD|Any CPU.ActiveCfg = PROD|Any CPU
		{45B7604F-7895-44BB-84E0-1BA1624D980D}.PROD|Any CPU.Build.0 = PROD|Any CPU
		{45B7604F-7895-44BB-84E0-1BA1624D980D}.PROD|ARM.ActiveCfg = PROD|Any CPU
		{45B7604F-7895-44BB-84E0-1BA1624D980D}.PROD|x64.ActiveCfg = PROD|Any CPU
		{45B7604F-7895-44BB-84E0-1BA1624D980D}.PROD|x86.ActiveCfg = PROD|Any CPU
		{45B7604F-7895-44BB-84E0-1BA1624D980D}.QA|Any CPU.ActiveCfg = QA|Any CPU
		{45B7604F-7895-44BB-84E0-1BA1624D980D}.QA|Any CPU.Build.0 = QA|Any CPU
		{45B7604F-7895-44BB-84E0-1BA1624D980D}.QA|ARM.ActiveCfg = QA|Any CPU
		{45B7604F-7895-44BB-84E0-1BA1624D980D}.QA|x64.ActiveCfg = QA|Any CPU
		{45B7604F-7895-44BB-84E0-1BA1624D980D}.QA|x86.ActiveCfg = QA|Any CPU
		{45B7604F-7895-44BB-84E0-1BA1624D980D}.Release|Any CPU.ActiveCfg = Release|Any CPU
		{45B7604F-7895-44BB-84E0-1BA1624D980D}.Release|Any CPU.Build.0 = Release|Any CPU
		{45B7604F-7895-44BB-84E0-1BA1624D980D}.Release|ARM.ActiveCfg = Release|Any CPU
		{45B7604F-7895-44BB-84E0-1BA1624D980D}.Release|x64.ActiveCfg = Release|Any CPU
		{45B7604F-7895-44BB-84E0-1BA1624D980D}.Release|x86.ActiveCfg = Release|Any CPU
		{9C3A140F-1634-4FFB-A1AA-7FB1C4702BEE}.Debug|Any CPU.ActiveCfg = Debug|Any CPU
		{9C3A140F-1634-4FFB-A1AA-7FB1C4702BEE}.Debug|Any CPU.Build.0 = Debug|Any CPU
		{9C3A140F-1634-4FFB-A1AA-7FB1C4702BEE}.Debug|ARM.ActiveCfg = Debug|Any CPU
		{9C3A140F-1634-4FFB-A1AA-7FB1C4702BEE}.Debug|x64.ActiveCfg = Debug|Any CPU
		{9C3A140F-1634-4FFB-A1AA-7FB1C4702BEE}.Debug|x86.ActiveCfg = Debug|Any CPU
		{9C3A140F-1634-4FFB-A1AA-7FB1C4702BEE}.DEV|Any CPU.ActiveCfg = DEV|Any CPU
		{9C3A140F-1634-4FFB-A1AA-7FB1C4702BEE}.DEV|Any CPU.Build.0 = DEV|Any CPU
		{9C3A140F-1634-4FFB-A1AA-7FB1C4702BEE}.DEV|ARM.ActiveCfg = DEV|Any CPU
		{9C3A140F-1634-4FFB-A1AA-7FB1C4702BEE}.DEV|x64.ActiveCfg = DEV|Any CPU
		{9C3A140F-1634-4FFB-A1AA-7FB1C4702BEE}.DEV|x86.ActiveCfg = DEV|Any CPU
		{9C3A140F-1634-4FFB-A1AA-7FB1C4702BEE}.PREVIEW|Any CPU.ActiveCfg = PREVIEW|Any CPU
		{9C3A140F-1634-4FFB-A1AA-7FB1C4702BEE}.PREVIEW|ARM.ActiveCfg = PREVIEW|Any CPU
		{9C3A140F-1634-4FFB-A1AA-7FB1C4702BEE}.PREVIEW|x64.ActiveCfg = PREVIEW|Any CPU
		{9C3A140F-1634-4FFB-A1AA-7FB1C4702BEE}.PREVIEW|x86.ActiveCfg = PREVIEW|Any CPU
		{9C3A140F-1634-4FFB-A1AA-7FB1C4702BEE}.PROD|Any CPU.ActiveCfg = PROD|Any CPU
		{9C3A140F-1634-4FFB-A1AA-7FB1C4702BEE}.PROD|ARM.ActiveCfg = PROD|Any CPU
		{9C3A140F-1634-4FFB-A1AA-7FB1C4702BEE}.PROD|x64.ActiveCfg = PROD|Any CPU
		{9C3A140F-1634-4FFB-A1AA-7FB1C4702BEE}.PROD|x86.ActiveCfg = PROD|Any CPU
		{9C3A140F-1634-4FFB-A1AA-7FB1C4702BEE}.QA|Any CPU.ActiveCfg = QA|Any CPU
		{9C3A140F-1634-4FFB-A1AA-7FB1C4702BEE}.QA|ARM.ActiveCfg = QA|Any CPU
		{9C3A140F-1634-4FFB-A1AA-7FB1C4702BEE}.QA|x64.ActiveCfg = QA|Any CPU
		{9C3A140F-1634-4FFB-A1AA-7FB1C4702BEE}.QA|x86.ActiveCfg = QA|Any CPU
		{9C3A140F-1634-4FFB-A1AA-7FB1C4702BEE}.Release|Any CPU.ActiveCfg = Release|Any CPU
		{9C3A140F-1634-4FFB-A1AA-7FB1C4702BEE}.Release|ARM.ActiveCfg = Release|Any CPU
		{9C3A140F-1634-4FFB-A1AA-7FB1C4702BEE}.Release|x64.ActiveCfg = Release|Any CPU
		{9C3A140F-1634-4FFB-A1AA-7FB1C4702BEE}.Release|x86.ActiveCfg = Release|Any CPU
		{488B5F7D-FD74-4418-BCEF-26DED149A017}.Debug|Any CPU.ActiveCfg = Debug|Any CPU
		{488B5F7D-FD74-4418-BCEF-26DED149A017}.Debug|Any CPU.Build.0 = Debug|Any CPU
		{488B5F7D-FD74-4418-BCEF-26DED149A017}.Debug|ARM.ActiveCfg = Debug|Any CPU
		{488B5F7D-FD74-4418-BCEF-26DED149A017}.Debug|x64.ActiveCfg = Debug|Any CPU
		{488B5F7D-FD74-4418-BCEF-26DED149A017}.Debug|x86.ActiveCfg = Debug|Any CPU
		{488B5F7D-FD74-4418-BCEF-26DED149A017}.DEV|Any CPU.ActiveCfg = DEV|Any CPU
		{488B5F7D-FD74-4418-BCEF-26DED149A017}.DEV|Any CPU.Build.0 = DEV|Any CPU
		{488B5F7D-FD74-4418-BCEF-26DED149A017}.DEV|ARM.ActiveCfg = DEV|Any CPU
		{488B5F7D-FD74-4418-BCEF-26DED149A017}.DEV|x64.ActiveCfg = DEV|Any CPU
		{488B5F7D-FD74-4418-BCEF-26DED149A017}.DEV|x86.ActiveCfg = DEV|Any CPU
		{488B5F7D-FD74-4418-BCEF-26DED149A017}.PREVIEW|Any CPU.ActiveCfg = PREVIEW|Any CPU
		{488B5F7D-FD74-4418-BCEF-26DED149A017}.PREVIEW|ARM.ActiveCfg = PREVIEW|Any CPU
		{488B5F7D-FD74-4418-BCEF-26DED149A017}.PREVIEW|x64.ActiveCfg = PREVIEW|Any CPU
		{488B5F7D-FD74-4418-BCEF-26DED149A017}.PREVIEW|x86.ActiveCfg = PREVIEW|Any CPU
		{488B5F7D-FD74-4418-BCEF-26DED149A017}.PROD|Any CPU.ActiveCfg = PROD|Any CPU
		{488B5F7D-FD74-4418-BCEF-26DED149A017}.PROD|ARM.ActiveCfg = PROD|Any CPU
		{488B5F7D-FD74-4418-BCEF-26DED149A017}.PROD|x64.ActiveCfg = PROD|Any CPU
		{488B5F7D-FD74-4418-BCEF-26DED149A017}.PROD|x86.ActiveCfg = PROD|Any CPU
		{488B5F7D-FD74-4418-BCEF-26DED149A017}.QA|Any CPU.ActiveCfg = QA|Any CPU
		{488B5F7D-FD74-4418-BCEF-26DED149A017}.QA|ARM.ActiveCfg = QA|Any CPU
		{488B5F7D-FD74-4418-BCEF-26DED149A017}.QA|x64.ActiveCfg = QA|Any CPU
		{488B5F7D-FD74-4418-BCEF-26DED149A017}.QA|x86.ActiveCfg = QA|Any CPU
		{488B5F7D-FD74-4418-BCEF-26DED149A017}.Release|Any CPU.ActiveCfg = Release|Any CPU
		{488B5F7D-FD74-4418-BCEF-26DED149A017}.Release|ARM.ActiveCfg = Release|Any CPU
		{488B5F7D-FD74-4418-BCEF-26DED149A017}.Release|x64.ActiveCfg = Release|Any CPU
		{488B5F7D-FD74-4418-BCEF-26DED149A017}.Release|x86.ActiveCfg = Release|Any CPU
	EndGlobalSection
	GlobalSection(SolutionProperties) = preSolution
		HideSolutionNode = FALSE
	EndGlobalSection
EndGlobal
