
Microsoft Visual Studio Solution File, Format Version 12.00
# Visual Studio 11
Project("{FAE04EC0-301F-11D3-BF4B-00C04F79EFBC}") = "Momntz.UI", "Momntz.UI\Momntz.UI.csproj", "{DE748AA6-C132-4E28-B239-BEBA571AD0FE}"
EndProject
Project("{FAE04EC0-301F-11D3-BF4B-00C04F79EFBC}") = "Momntz", "Momntz\Momntz.csproj", "{77CC17DF-C471-42BF-B5F6-D55EAF918891}"
EndProject
Project("{FAE04EC0-301F-11D3-BF4B-00C04F79EFBC}") = "Momntz.Tests", "Momntz.Tests\Momntz.Tests.csproj", "{AF2D79FB-1237-4990-9E39-E11CFA77F3BD}"
EndProject
Project("{FAE04EC0-301F-11D3-BF4B-00C04F79EFBC}") = "Momntz.UI.Tests", "Momntz.UI.Tests\Momntz.UI.Tests.csproj", "{97A3002A-F1B1-4928-B806-C8882D22CCA8}"
EndProject
Global
	GlobalSection(SolutionConfigurationPlatforms) = preSolution
		Debug|ARM = Debug|ARM
		Debug|Any CPU = Debug|Any CPU
		Debug|x64 = Debug|x64
		Debug|x86 = Debug|x86
		Release|ARM = Release|ARM
		Release|Any CPU = Release|Any CPU
		Release|x64 = Release|x64
		Release|x86 = Release|x86
	EndGlobalSection
	GlobalSection(ProjectConfigurationPlatforms) = postSolution
		{77CC17DF-C471-42BF-B5F6-D55EAF918891}.Debug|ARM.ActiveCfg = Debug|Any CPU
		{77CC17DF-C471-42BF-B5F6-D55EAF918891}.Debug|Any CPU.ActiveCfg = Debug|Any CPU
		{77CC17DF-C471-42BF-B5F6-D55EAF918891}.Debug|Any CPU.Build.0 = Debug|Any CPU
		{77CC17DF-C471-42BF-B5F6-D55EAF918891}.Debug|x64.ActiveCfg = Debug|Any CPU
		{77CC17DF-C471-42BF-B5F6-D55EAF918891}.Debug|x86.ActiveCfg = Debug|Any CPU
		{77CC17DF-C471-42BF-B5F6-D55EAF918891}.Release|ARM.ActiveCfg = Release|Any CPU
		{77CC17DF-C471-42BF-B5F6-D55EAF918891}.Release|Any CPU.ActiveCfg = Release|Any CPU
		{77CC17DF-C471-42BF-B5F6-D55EAF918891}.Release|Any CPU.Build.0 = Release|Any CPU
		{77CC17DF-C471-42BF-B5F6-D55EAF918891}.Release|x64.ActiveCfg = Release|Any CPU
		{77CC17DF-C471-42BF-B5F6-D55EAF918891}.Release|x86.ActiveCfg = Release|Any CPU
		{97A3002A-F1B1-4928-B806-C8882D22CCA8}.Debug|ARM.ActiveCfg = Debug|ARM
		{97A3002A-F1B1-4928-B806-C8882D22CCA8}.Debug|ARM.Build.0 = Debug|ARM
		{97A3002A-F1B1-4928-B806-C8882D22CCA8}.Debug|Any CPU.ActiveCfg = Debug|Any CPU
		{97A3002A-F1B1-4928-B806-C8882D22CCA8}.Debug|Any CPU.Build.0 = Debug|Any CPU
		{97A3002A-F1B1-4928-B806-C8882D22CCA8}.Debug|x64.ActiveCfg = Debug|x64
		{97A3002A-F1B1-4928-B806-C8882D22CCA8}.Debug|x64.Build.0 = Debug|x64
		{97A3002A-F1B1-4928-B806-C8882D22CCA8}.Debug|x86.ActiveCfg = Debug|x86
		{97A3002A-F1B1-4928-B806-C8882D22CCA8}.Debug|x86.Build.0 = Debug|x86
		{97A3002A-F1B1-4928-B806-C8882D22CCA8}.Release|ARM.ActiveCfg = Release|ARM
		{97A3002A-F1B1-4928-B806-C8882D22CCA8}.Release|ARM.Build.0 = Release|ARM
		{97A3002A-F1B1-4928-B806-C8882D22CCA8}.Release|Any CPU.ActiveCfg = Release|Any CPU
		{97A3002A-F1B1-4928-B806-C8882D22CCA8}.Release|Any CPU.Build.0 = Release|Any CPU
		{97A3002A-F1B1-4928-B806-C8882D22CCA8}.Release|x64.ActiveCfg = Release|x64
		{97A3002A-F1B1-4928-B806-C8882D22CCA8}.Release|x64.Build.0 = Release|x64
		{97A3002A-F1B1-4928-B806-C8882D22CCA8}.Release|x86.ActiveCfg = Release|x86
		{97A3002A-F1B1-4928-B806-C8882D22CCA8}.Release|x86.Build.0 = Release|x86
		{AF2D79FB-1237-4990-9E39-E11CFA77F3BD}.Debug|ARM.ActiveCfg = Debug|ARM
		{AF2D79FB-1237-4990-9E39-E11CFA77F3BD}.Debug|ARM.Build.0 = Debug|ARM
		{AF2D79FB-1237-4990-9E39-E11CFA77F3BD}.Debug|Any CPU.ActiveCfg = Debug|Any CPU
		{AF2D79FB-1237-4990-9E39-E11CFA77F3BD}.Debug|Any CPU.Build.0 = Debug|Any CPU
		{AF2D79FB-1237-4990-9E39-E11CFA77F3BD}.Debug|x64.ActiveCfg = Debug|x64
		{AF2D79FB-1237-4990-9E39-E11CFA77F3BD}.Debug|x64.Build.0 = Debug|x64
		{AF2D79FB-1237-4990-9E39-E11CFA77F3BD}.Debug|x86.ActiveCfg = Debug|x86
		{AF2D79FB-1237-4990-9E39-E11CFA77F3BD}.Debug|x86.Build.0 = Debug|x86
		{AF2D79FB-1237-4990-9E39-E11CFA77F3BD}.Release|ARM.ActiveCfg = Release|ARM
		{AF2D79FB-1237-4990-9E39-E11CFA77F3BD}.Release|ARM.Build.0 = Release|ARM
		{AF2D79FB-1237-4990-9E39-E11CFA77F3BD}.Release|Any CPU.ActiveCfg = Release|Any CPU
		{AF2D79FB-1237-4990-9E39-E11CFA77F3BD}.Release|Any CPU.Build.0 = Release|Any CPU
		{AF2D79FB-1237-4990-9E39-E11CFA77F3BD}.Release|x64.ActiveCfg = Release|x64
		{AF2D79FB-1237-4990-9E39-E11CFA77F3BD}.Release|x64.Build.0 = Release|x64
		{AF2D79FB-1237-4990-9E39-E11CFA77F3BD}.Release|x86.ActiveCfg = Release|x86
		{AF2D79FB-1237-4990-9E39-E11CFA77F3BD}.Release|x86.Build.0 = Release|x86
		{DE748AA6-C132-4E28-B239-BEBA571AD0FE}.Debug|ARM.ActiveCfg = Debug|Any CPU
		{DE748AA6-C132-4E28-B239-BEBA571AD0FE}.Debug|Any CPU.ActiveCfg = Debug|Any CPU
		{DE748AA6-C132-4E28-B239-BEBA571AD0FE}.Debug|Any CPU.Build.0 = Debug|Any CPU
		{DE748AA6-C132-4E28-B239-BEBA571AD0FE}.Debug|x64.ActiveCfg = Debug|Any CPU
		{DE748AA6-C132-4E28-B239-BEBA571AD0FE}.Debug|x86.ActiveCfg = Debug|Any CPU
		{DE748AA6-C132-4E28-B239-BEBA571AD0FE}.Release|ARM.ActiveCfg = Release|Any CPU
		{DE748AA6-C132-4E28-B239-BEBA571AD0FE}.Release|Any CPU.ActiveCfg = Release|Any CPU
		{DE748AA6-C132-4E28-B239-BEBA571AD0FE}.Release|Any CPU.Build.0 = Release|Any CPU
		{DE748AA6-C132-4E28-B239-BEBA571AD0FE}.Release|x64.ActiveCfg = Release|Any CPU
		{DE748AA6-C132-4E28-B239-BEBA571AD0FE}.Release|x86.ActiveCfg = Release|Any CPU
	EndGlobalSection
	GlobalSection(SolutionProperties) = preSolution
		HideSolutionNode = FALSE
	EndGlobalSection
EndGlobal
